// !$*UTF8*$!
{
	archiveVersion = 1;
	classes = {
	};
	objectVersion = 46;
	objects = {

/* Begin PBXBuildFile section */
		81CEB64B1EB3217900E26622 /* AppDelegate.swift in Sources */ = {isa = PBXBuildFile; fileRef = 81CEB64A1EB3217900E26622 /* AppDelegate.swift */; };
		81CEB64D1EB3217900E26622 /* ViewController.swift in Sources */ = {isa = PBXBuildFile; fileRef = 81CEB64C1EB3217900E26622 /* ViewController.swift */; };
		81CEB6501EB3217900E26622 /* Main.storyboard in Resources */ = {isa = PBXBuildFile; fileRef = 81CEB64E1EB3217900E26622 /* Main.storyboard */; };
		81CEB6521EB3217900E26622 /* Assets.xcassets in Resources */ = {isa = PBXBuildFile; fileRef = 81CEB6511EB3217900E26622 /* Assets.xcassets */; };
		81CEB6551EB3217A00E26622 /* LaunchScreen.storyboard in Resources */ = {isa = PBXBuildFile; fileRef = 81CEB6531EB3217A00E26622 /* LaunchScreen.storyboard */; };
/* End PBXBuildFile section */

/* Begin PBXFileReference section */
		81CEB6471EB3217900E26622 /* RYAlertViewDemo.app */ = {isa = PBXFileReference; explicitFileType = wrapper.application; includeInIndex = 0; path = RYAlertViewDemo.app; sourceTree = BUILT_PRODUCTS_DIR; };
		81CEB64A1EB3217900E26622 /* AppDelegate.swift */ = {isa = PBXFileReference; lastKnownFileType = sourcecode.swift; path = AppDelegate.swift; sourceTree = "<group>"; };
		81CEB64C1EB3217900E26622 /* ViewController.swift */ = {isa = PBXFileReference; lastKnownFileType = sourcecode.swift; path = ViewController.swift; sourceTree = "<group>"; };
		81CEB64F1EB3217900E26622 /* Base */ = {isa = PBXFileReference; lastKnownFileType = file.storyboard; name = Base; path = Base.lproj/Main.storyboard; sourceTree = "<group>"; };
		81CEB6511EB3217900E26622 /* Assets.xcassets */ = {isa = PBXFileReference; lastKnownFileType = folder.assetcatalog; path = Assets.xcassets; sourceTree = "<group>"; };
		81CEB6541EB3217A00E26622 /* Base */ = {isa = PBXFileReference; lastKnownFileType = file.storyboard; name = Base; path = Base.lproj/LaunchScreen.storyboard; sourceTree = "<group>"; };
		81CEB6561EB3217A00E26622 /* Info.plist */ = {isa = PBXFileReference; lastKnownFileType = text.plist.xml; path = Info.plist; sourceTree = "<group>"; };
/* End PBXFileReference section */

/* Begin PBXFrameworksBuildPhase section */
		81CEB6441EB3217900E26622 /* Frameworks */ = {
			isa = PBXFrameworksBuildPhase;
			buildActionMask = 2147483647;
			files = (
			);
			runOnlyForDeploymentPostprocessing = 0;
		};
/* End PBXFrameworksBuildPhase section */

/* Begin PBXGroup section */
		81CEB63E1EB3217900E26622 = {
			isa = PBXGroup;
			children = (
				81CEB6491EB3217900E26622 /* RYAlertViewDemo */,
				81CEB6481EB3217900E26622 /* Products */,
			);
			sourceTree = "<group>";
		};
		81CEB6481EB3217900E26622 /* Products */ = {
			isa = PBXGroup;
			children = (
				81CEB6471EB3217900E26622 /* RYAlertViewDemo.app */,
			);
			name = Products;
			sourceTree = "<group>";
		};
		81CEB6491EB3217900E26622 /* RYAlertViewDemo */ = {
			isa = PBXGroup;
			children = (
				81CEB64A1EB3217900E26622 /* AppDelegate.swift */,
				81CEB64C1EB3217900E26622 /* ViewController.swift */,
				81CEB64E1EB3217900E26622 /* Main.storyboard */,
				81CEB6511EB3217900E26622 /* Assets.xcassets */,
				81CEB6531EB3217A00E26622 /* LaunchScreen.storyboard */,
				81CEB6561EB3217A00E26622 /* Info.plist */,
			);
			path = RYAlertViewDemo;
			sourceTree = "<group>";
		};
/* End PBXGroup section */

/* Begin PBXNativeTarget section */
		81CEB6461EB3217900E26622 /* RYAlertViewDemo */ = {
			isa = PBXNativeTarget;
			buildConfigurationList = 81CEB6591EB3217A00E26622 /* Build configuration list for PBXNativeTarget "RYAlertViewDemo" */;
			buildPhases = (
				81CEB6431EB3217900E26622 /* Sources */,
				81CEB6441EB3217900E26622 /* Frameworks */,
				81CEB6451EB3217900E26622 /* Resources */,
			);
			buildRules = (
			);
			dependencies = (
			);
			name = RYAlertViewDemo;
			productName = RYAlertViewDemo;
			productReference = 81CEB6471EB3217900E26622 /* RYAlertViewDemo.app */;
			productType = "com.apple.product-type.application";
		};
/* End PBXNativeTarget section */

/* Begin PBXProject section */
		81CEB63F1EB3217900E26622 /* Project object */ = {
			isa = PBXProject;
			attributes = {
				LastSwiftUpdateCheck = 0830;
				LastUpgradeCheck = 0830;
				ORGANIZATIONNAME = ios;
				TargetAttributes = {
					81CEB6461EB3217900E26622 = {
						CreatedOnToolsVersion = 8.3.2;
						ProvisioningStyle = Automatic;
					};
				};
			};
			buildConfigurationList = 81CEB6421EB3217900E26622 /* Build configuration list for PBXProject "RYAlertViewDemo" */;
			compatibilityVersion = "Xcode 3.2";
			developmentRegion = English;
			hasScannedForEncodings = 0;
			knownRegions = (
				en,
				Base,
			);
			mainGroup = 81CEB63E1EB3217900E26622;
			productRefGroup = 81CEB6481EB3217900E26622 /* Products */;
			projectDirPath = "";
			projectRoot = "";
			targets = (
				81CEB6461EB3217900E26622 /* RYAlertViewDemo */,
			);
		};
/* End PBXProject section */

/* Begin PBXResourcesBuildPhase section */
		81CEB6451EB3217900E26622 /* Resources */ = {
			isa = PBXResourcesBuildPhase;
			buildActionMask = 2147483647;
			files = (
				81CEB6551EB3217A00E26622 /* LaunchScreen.storyboard in Resources */,
				81CEB6521EB3217900E26622 /* Assets.xcassets in Resources */,
				81CEB6501EB3217900E26622 /* Main.storyboard in Resources */,
			);
			runOnlyForDeploymentPostprocessing = 0;
		};
/* End PBXResourcesBuildPhase section */

/* Begin PBXSourcesBuildPhase section */
		81CEB6431EB3217900E26622 /* Sources */ = {
			isa = PBXSourcesBuildPhase;
			buildActionMask = 2147483647;
			files = (
				81CEB64D1EB3217900E26622 /* ViewController.swift in Sources */,
				81CEB64B1EB3217900E26622 /* AppDelegate.swift in Sources */,
			);
			runOnlyForDeploymentPostprocessing = 0;
		};
/* End PBXSourcesBuildPhase section */

/* Begin PBXVariantGroup section */
		81CEB64E1EB3217900E26622 /* Main.storyboard */ = {
			isa = PBXVariantGroup;
			children = (
				81CEB64F1EB3217900E26622 /* Base */,
			);
			name = Main.storyboard;
			sourceTree = "<group>";
		};
		81CEB6531EB3217A00E26622 /* LaunchScreen.storyboard */ = {
			isa = PBXVariantGroup;
			children = (
				81CEB6541EB3217A00E26622 /* Base */,
			);
			name = LaunchScreen.storyboard;
			sourceTree = "<group>";
		};
/* End PBXVariantGroup section */

/* Begin XCBuildConfiguration section */
		81CEB6571EB3217A00E26622 /* Debug */ = {
			isa = XCBuildConfiguration;
			buildSettings = {
				ALWAYS_SEARCH_USER_PATHS = NO;
				CLANG_ANALYZER_NONNULL = YES;
				CLANG_ANALYZER_NUMBER_OBJECT_CONVERSION = YES_AGGRESSIVE;
				CLANG_CXX_LANGUAGE_STANDARD = "gnu++0x";
				CLANG_CXX_LIBRARY = "libc++";
				CLANG_ENABLE_MODULES = YES;
				CLANG_ENABLE_OBJC_ARC = YES;
				CLANG_WARN_BOOL_CONVERSION = YES;
				CLANG_WARN_CONSTANT_CONVERSION = YES;
				CLANG_WARN_DIRECT_OBJC_ISA_USAGE = YES_ERROR;
				CLANG_WARN_DOCUMENTATION_COMMENTS = YES;
				CLANG_WARN_EMPTY_BODY = YES;
				CLANG_WARN_ENUM_CONVERSION = YES;
				CLANG_WARN_INFINITE_RECURSION = YES;
				CLANG_WARN_INT_CONVERSION = YES;
				CLANG_WARN_OBJC_ROOT_CLASS = YES_ERROR;
				CLANG_WARN_SUSPICIOUS_MOVE = YES;
				CLANG_WARN_UNREACHABLE_CODE = YES;
				CLANG_WARN__DUPLICATE_METHOD_MATCH = YES;
				"CODE_SIGN_IDENTITY[sdk=iphoneos*]" = "iPhone Developer";
				COPY_PHASE_STRIP = NO;
				DEBUG_INFORMATION_FORMAT = dwarf;
				ENABLE_STRICT_OBJC_MSGSEND = YES;
				ENABLE_TESTABILITY = YES;
				GCC_C_LANGUAGE_STANDARD = gnu99;
				GCC_DYNAMIC_NO_PIC = NO;
				GCC_NO_COMMON_BLOCKS = YES;
				GCC_OPTIMIZATION_LEVEL = 0;
				GCC_PREPROCESSOR_DEFINITIONS = (
					"DEBUG=1",
					"$(inherited)",
				);
				GCC_WARN_64_TO_32_BIT_CONVERSION = YES;
				GCC_WARN_ABOUT_RETURN_TYPE = YES_ERROR;
				GCC_WARN_UNDECLARED_SELECTOR = YES;
				GCC_WARN_UNINITIALIZED_AUTOS = YES_AGGRESSIVE;
				GCC_WARN_UNUSED_FUNCTION = YES;
				GCC_WARN_UNUSED_VARIABLE = YES;
				IPHONEOS_DEPLOYMENT_TARGET = 10.3;
				MTL_ENABLE_DEBUG_INFO = YES;
				ONLY_ACTIVE_ARCH = YES;
				SDKROOT = iphoneos;
				SWIFT_ACTIVE_COMPILATION_CONDITIONS = DEBUG;
				SWIFT_OPTIMIZATION_LEVEL = "-Onone";
			};
			name = Debug;
		};
		81CEB6581EB3217A00E26622 /* Release */ = {
			isa = XCBuildConfiguration;
			buildSettings = {
				ALWAYS_SEARCH_USER_PATHS = NO;
				CLANG_ANALYZER_NONNULL = YES;
				CLANG_ANALYZER_NUMBER_OBJECT_CONVERSION = YES_AGGRESSIVE;
				CLANG_CXX_LANGUAGE_STANDARD = "gnu++0x";
				CLANG_CXX_LIBRARY = "libc++";
				CLANG_ENABLE_MODULES = YES;
				CLANG_ENABLE_OBJC_ARC = YES;
				CLANG_WARN_BOOL_CONVERSION = YES;
				CLANG_WARN_CONSTANT_CONVERSION = YES;
				CLANG_WARN_DIRECT_OBJC_ISA_USAGE = YES_ERROR;
				CLANG_WARN_DOCUMENTATION_COMMENTS = YES;
				CLANG_WARN_EMPTY_BODY = YES;
				CLANG_WARN_ENUM_CONVERSION = YES;
				CLANG_WARN_INFINITE_RECURSION = YES;
				CLANG_WARN_INT_CONVERSION = YES;
				CLANG_WARN_OBJC_ROOT_CLASS = YES_ERROR;
				CLANG_WARN_SUSPICIOUS_MOVE = YES;
				CLANG_WARN_UNREACHABLE_CODE = YES;
				CLANG_WARN__DUPLICATE_METHOD_MATCH = YES;
				"CODE_SIGN_IDENTITY[sdk=iphoneos*]" = "iPhone Developer";
				COPY_PHASE_STRIP = NO;
				DEBUG_INFORMATION_FORMAT = "dwarf-with-dsym";
				ENABLE_NS_ASSERTIONS = NO;
				ENABLE_STRICT_OBJC_MSGSEND = YES;
				GCC_C_LANGUAGE_STANDARD = gnu99;
				GCC_NO_COMMON_BLOCKS = YES;
				GCC_WARN_64_TO_32_BIT_CONVERSION = YES;
				GCC_WARN_ABOUT_RETURN_TYPE = YES_ERROR;
				GCC_WARN_UNDECLARED_SELECTOR = YES;
				GCC_WARN_UNINITIALIZED_AUTOS = YES_AGGRESSIVE;
				GCC_WARN_UNUSED_FUNCTION = YES;
				GCC_WARN_UNUSED_VARIABLE = YES;
				IPHONEOS_DEPLOYMENT_TARGET = 10.3;
				MTL_ENABLE_DEBUG_INFO = NO;
				SDKROOT = iphoneos;
				SWIFT_OPTIMIZATION_LEVEL = "-Owholemodule";
				VALIDATE_PRODUCT = YES;
			};
			name = Release;
		};
		81CEB65A1EB3217A00E26622 /* Debug */ = {
			isa = XCBuildConfiguration;
			buildSettings = {
				ASSETCATALOG_COMPILER_APPICON_NAME = AppIcon;
				INFOPLIST_FILE = RYAlertViewDemo/Info.plist;
				LD_RUNPATH_SEARCH_PATHS = "$(inherited) @executable_path/Frameworks";
				PRODUCT_BUNDLE_IDENTIFIER = com.ydauto.RYAlertViewDemo;
				PRODUCT_NAME = "$(TARGET_NAME)";
				SWIFT_VERSION = 3.0;
			};
			name = Debug;
		};
		81CEB65B1EB3217A00E26622 /* Release */ = {
			isa = XCBuildConfiguration;
			buildSettings = {
				ASSETCATALOG_COMPILER_APPICON_NAME = AppIcon;
				INFOPLIST_FILE = RYAlertViewDemo/Info.plist;
				LD_RUNPATH_SEARCH_PATHS = "$(inherited) @executable_path/Frameworks";
				PRODUCT_BUNDLE_IDENTIFIER = com.ydauto.RYAlertViewDemo;
				PRODUCT_NAME = "$(TARGET_NAME)";
				SWIFT_VERSION = 3.0;
			};
			name = Release;
		};
/* End XCBuildConfiguration section */

/* Begin XCConfigurationList section */
		81CEB6421EB3217900E26622 /* Build configuration list for PBXProject "RYAlertViewDemo" */ = {
			isa = XCConfigurationList;
			buildConfigurations = (
				81CEB6571EB3217A00E26622 /* Debug */,
				81CEB6581EB3217A00E26622 /* Release */,
			);
			defaultConfigurationIsVisible = 0;
			defaultConfigurationName = Release;
		};
		81CEB6591EB3217A00E26622 /* Build configuration list for PBXNativeTarget "RYAlertViewDemo" */ = {
			isa = XCConfigurationList;
			buildConfigurations = (
				81CEB65A1EB3217A00E26622 /* Debug */,
				81CEB65B1EB3217A00E26622 /* Release */,
			);
			defaultConfigurationIsVisible = 0;
		};
/* End XCConfigurationList section */
	};
	rootObject = 81CEB63F1EB3217900E26622 /* Project object */;
}
